// !$*UTF8*$!
{
	archiveVersion = 1;
	classes = {
	};
	objectVersion = 53;
	objects = {

/* Begin PBXBuildFile section */
		70B57DCA245C2726005DA838 /* AppDelegate.swift in Sources */ = {isa = PBXBuildFile; fileRef = 70B57DC9245C2726005DA838 /* AppDelegate.swift */; };
		70B57DCC245C2726005DA838 /* ContentView.swift in Sources */ = {isa = PBXBuildFile; fileRef = 70B57DCB245C2726005DA838 /* ContentView.swift */; };
		70B57DCE245C2728005DA838 /* Assets.xcassets in Resources */ = {isa = PBXBuildFile; fileRef = 70B57DCD245C2728005DA838 /* Assets.xcassets */; };
		70B57DD1245C2728005DA838 /* Preview Assets.xcassets in Resources */ = {isa = PBXBuildFile; fileRef = 70B57DD0245C2728005DA838 /* Preview Assets.xcassets */; };
		70B57DD4245C2728005DA838 /* Main.storyboard in Resources */ = {isa = PBXBuildFile; fileRef = 70B57DD2245C2728005DA838 /* Main.storyboard */; };
		70B57DE0245C2728005DA838 /* BasicBoxTests.swift in Sources */ = {isa = PBXBuildFile; fileRef = 70B57DDF245C2728005DA838 /* BasicBoxTests.swift */; };
		70E80696246592D0003E80DD /* TokenManager.swift in Sources */ = {isa = PBXBuildFile; fileRef = 70E80695246592D0003E80DD /* TokenManager.swift */; };
		70E806992465A50E003E80DD /* KeychainAccess in Frameworks */ = {isa = PBXBuildFile; productRef = 70E806982465A50E003E80DD /* KeychainAccess */; };
/* End PBXBuildFile section */

/* Begin PBXContainerItemProxy section */
		70B57DDC245C2728005DA838 /* PBXContainerItemProxy */ = {
			isa = PBXContainerItemProxy;
			containerPortal = 70B57DBE245C2726005DA838 /* Project object */;
			proxyType = 1;
			remoteGlobalIDString = 70B57DC5245C2726005DA838;
			remoteInfo = BasicBox;
		};
/* End PBXContainerItemProxy section */

/* Begin PBXFileReference section */
		70B57DC6245C2726005DA838 /* BasicBox.app */ = {isa = PBXFileReference; explicitFileType = wrapper.application; includeInIndex = 0; path = BasicBox.app; sourceTree = BUILT_PRODUCTS_DIR; };
		70B57DC9245C2726005DA838 /* AppDelegate.swift */ = {isa = PBXFileReference; lastKnownFileType = sourcecode.swift; path = AppDelegate.swift; sourceTree = "<group>"; };
		70B57DCB245C2726005DA838 /* ContentView.swift */ = {isa = PBXFileReference; lastKnownFileType = sourcecode.swift; path = ContentView.swift; sourceTree = "<group>"; };
		70B57DCD245C2728005DA838 /* Assets.xcassets */ = {isa = PBXFileReference; lastKnownFileType = folder.assetcatalog; path = Assets.xcassets; sourceTree = "<group>"; };
		70B57DD0245C2728005DA838 /* Preview Assets.xcassets */ = {isa = PBXFileReference; lastKnownFileType = folder.assetcatalog; path = "Preview Assets.xcassets"; sourceTree = "<group>"; };
		70B57DD3245C2728005DA838 /* Base */ = {isa = PBXFileReference; lastKnownFileType = file.storyboard; name = Base; path = Base.lproj/Main.storyboard; sourceTree = "<group>"; };
		70B57DD5245C2728005DA838 /* Info.plist */ = {isa = PBXFileReference; lastKnownFileType = text.plist.xml; path = Info.plist; sourceTree = "<group>"; };
		70B57DD6245C2728005DA838 /* BasicBox.entitlements */ = {isa = PBXFileReference; lastKnownFileType = text.plist.entitlements; path = BasicBox.entitlements; sourceTree = "<group>"; };
		70B57DDB245C2728005DA838 /* BasicBoxTests.xctest */ = {isa = PBXFileReference; explicitFileType = wrapper.cfbundle; includeInIndex = 0; path = BasicBoxTests.xctest; sourceTree = BUILT_PRODUCTS_DIR; };
		70B57DDF245C2728005DA838 /* BasicBoxTests.swift */ = {isa = PBXFileReference; lastKnownFileType = sourcecode.swift; path = BasicBoxTests.swift; sourceTree = "<group>"; };
		70B57DE1245C2728005DA838 /* Info.plist */ = {isa = PBXFileReference; lastKnownFileType = text.plist.xml; path = Info.plist; sourceTree = "<group>"; };
		70E80695246592D0003E80DD /* TokenManager.swift */ = {isa = PBXFileReference; lastKnownFileType = sourcecode.swift; path = TokenManager.swift; sourceTree = "<group>"; };
/* End PBXFileReference section */

/* Begin PBXFrameworksBuildPhase section */
		70B57DC3245C2726005DA838 /* Frameworks */ = {
			isa = PBXFrameworksBuildPhase;
			buildActionMask = 2147483647;
			files = (
				70E806992465A50E003E80DD /* KeychainAccess in Frameworks */,
			);
			runOnlyForDeploymentPostprocessing = 0;
		};
		70B57DD8245C2728005DA838 /* Frameworks */ = {
			isa = PBXFrameworksBuildPhase;
			buildActionMask = 2147483647;
			files = (
			);
			runOnlyForDeploymentPostprocessing = 0;
		};
/* End PBXFrameworksBuildPhase section */

/* Begin PBXGroup section */
		70B57DBD245C2726005DA838 = {
			isa = PBXGroup;
			children = (
				70B57DC8245C2726005DA838 /* BasicBox */,
				70B57DDE245C2728005DA838 /* BasicBoxTests */,
				70B57DC7245C2726005DA838 /* Products */,
			);
			sourceTree = "<group>";
		};
		70B57DC7245C2726005DA838 /* Products */ = {
			isa = PBXGroup;
			children = (
				70B57DC6245C2726005DA838 /* BasicBox.app */,
				70B57DDB245C2728005DA838 /* BasicBoxTests.xctest */,
			);
			name = Products;
			sourceTree = "<group>";
		};
		70B57DC8245C2726005DA838 /* BasicBox */ = {
			isa = PBXGroup;
			children = (
				70B57DC9245C2726005DA838 /* AppDelegate.swift */,
				70B57DCB245C2726005DA838 /* ContentView.swift */,
				70B57DCD245C2728005DA838 /* Assets.xcassets */,
				70B57DD2245C2728005DA838 /* Main.storyboard */,
				70B57DD5245C2728005DA838 /* Info.plist */,
				70B57DD6245C2728005DA838 /* BasicBox.entitlements */,
				70B57DCF245C2728005DA838 /* Preview Content */,
				70E80695246592D0003E80DD /* TokenManager.swift */,
			);
			path = BasicBox;
			sourceTree = "<group>";
		};
		70B57DCF245C2728005DA838 /* Preview Content */ = {
			isa = PBXGroup;
			children = (
				70B57DD0245C2728005DA838 /* Preview Assets.xcassets */,
			);
			path = "Preview Content";
			sourceTree = "<group>";
		};
		70B57DDE245C2728005DA838 /* BasicBoxTests */ = {
			isa = PBXGroup;
			children = (
				70B57DDF245C2728005DA838 /* BasicBoxTests.swift */,
				70B57DE1245C2728005DA838 /* Info.plist */,
			);
			path = BasicBoxTests;
			sourceTree = "<group>";
		};
/* End PBXGroup section */

/* Begin PBXNativeTarget section */
		70B57DC5245C2726005DA838 /* BasicBox */ = {
			isa = PBXNativeTarget;
			buildConfigurationList = 70B57DE4245C2728005DA838 /* Build configuration list for PBXNativeTarget "BasicBox" */;
			buildPhases = (
				70B57DC2245C2726005DA838 /* Sources */,
				70B57DC3245C2726005DA838 /* Frameworks */,
				70B57DC4245C2726005DA838 /* Resources */,
			);
			buildRules = (
			);
			dependencies = (
			);
			name = BasicBox;
			packageProductDependencies = (
				70E806982465A50E003E80DD /* KeychainAccess */,
			);
			productName = BasicBox;
			productReference = 70B57DC6245C2726005DA838 /* BasicBox.app */;
			productType = "com.apple.product-type.application";
		};
		70B57DDA245C2728005DA838 /* BasicBoxTests */ = {
			isa = PBXNativeTarget;
			buildConfigurationList = 70B57DE7245C2728005DA838 /* Build configuration list for PBXNativeTarget "BasicBoxTests" */;
			buildPhases = (
				70B57DD7245C2728005DA838 /* Sources */,
				70B57DD8245C2728005DA838 /* Frameworks */,
				70B57DD9245C2728005DA838 /* Resources */,
			);
			buildRules = (
			);
			dependencies = (
				70B57DDD245C2728005DA838 /* PBXTargetDependency */,
			);
			name = BasicBoxTests;
			productName = BasicBoxTests;
			productReference = 70B57DDB245C2728005DA838 /* BasicBoxTests.xctest */;
			productType = "com.apple.product-type.bundle.unit-test";
		};
/* End PBXNativeTarget section */

/* Begin PBXProject section */
		70B57DBE245C2726005DA838 /* Project object */ = {
			isa = PBXProject;
			attributes = {
				LastSwiftUpdateCheck = 1140;
				LastUpgradeCheck = 1140;
				ORGANIZATIONNAME = "Lubor Kolacny";
				TargetAttributes = {
					70B57DC5245C2726005DA838 = {
						CreatedOnToolsVersion = 11.4.1;
					};
					70B57DDA245C2728005DA838 = {
						CreatedOnToolsVersion = 11.4.1;
						TestTargetID = 70B57DC5245C2726005DA838;
					};
				};
			};
			buildConfigurationList = 70B57DC1245C2726005DA838 /* Build configuration list for PBXProject "BasicBox" */;
			compatibilityVersion = "Xcode 11.4";
			developmentRegion = en;
			hasScannedForEncodings = 0;
			knownRegions = (
				en,
				Base,
			);
			mainGroup = 70B57DBD245C2726005DA838;
			packageReferences = (
				70E806972465A50E003E80DD /* XCRemoteSwiftPackageReference "KeychainAccess" */,
			);
			productRefGroup = 70B57DC7245C2726005DA838 /* Products */;
			projectDirPath = "";
			projectRoot = "";
			targets = (
				70B57DC5245C2726005DA838 /* BasicBox */,
				70B57DDA245C2728005DA838 /* BasicBoxTests */,
			);
		};
/* End PBXProject section */

/* Begin PBXResourcesBuildPhase section */
		70B57DC4245C2726005DA838 /* Resources */ = {
			isa = PBXResourcesBuildPhase;
			buildActionMask = 2147483647;
			files = (
				70B57DD4245C2728005DA838 /* Main.storyboard in Resources */,
				70B57DD1245C2728005DA838 /* Preview Assets.xcassets in Resources */,
				70B57DCE245C2728005DA838 /* Assets.xcassets in Resources */,
			);
			runOnlyForDeploymentPostprocessing = 0;
		};
		70B57DD9245C2728005DA838 /* Resources */ = {
			isa = PBXResourcesBuildPhase;
			buildActionMask = 2147483647;
			files = (
			);
			runOnlyForDeploymentPostprocessing = 0;
		};
/* End PBXResourcesBuildPhase section */

/* Begin PBXSourcesBuildPhase section */
		70B57DC2245C2726005DA838 /* Sources */ = {
			isa = PBXSourcesBuildPhase;
			buildActionMask = 2147483647;
			files = (
				70B57DCC245C2726005DA838 /* ContentView.swift in Sources */,
				70E80696246592D0003E80DD /* TokenManager.swift in Sources */,
				70B57DCA245C2726005DA838 /* AppDelegate.swift in Sources */,
			);
			runOnlyForDeploymentPostprocessing = 0;
		};
		70B57DD7245C2728005DA838 /* Sources */ = {
			isa = PBXSourcesBuildPhase;
			buildActionMask = 2147483647;
			files = (
				70B57DE0245C2728005DA838 /* BasicBoxTests.swift in Sources */,
			);
			runOnlyForDeploymentPostprocessing = 0;
		};
/* End PBXSourcesBuildPhase section */

/* Begin PBXTargetDependency section */
		70B57DDD245C2728005DA838 /* PBXTargetDependency */ = {
			isa = PBXTargetDependency;
			target = 70B57DC5245C2726005DA838 /* BasicBox */;
			targetProxy = 70B57DDC245C2728005DA838 /* PBXContainerItemProxy */;
		};
/* End PBXTargetDependency section */

/* Begin PBXVariantGroup section */
		70B57DD2245C2728005DA838 /* Main.storyboard */ = {
			isa = PBXVariantGroup;
			children = (
				70B57DD3245C2728005DA838 /* Base */,
			);
			name = Main.storyboard;
			sourceTree = "<group>";
		};
/* End PBXVariantGroup section */

/* Begin XCBuildConfiguration section */
		70B57DE2245C2728005DA838 /* Debug */ = {
			isa = XCBuildConfiguration;
			buildSettings = {
				ALWAYS_SEARCH_USER_PATHS = NO;
				CLANG_ANALYZER_NONNULL = YES;
				CLANG_ANALYZER_NUMBER_OBJECT_CONVERSION = YES_AGGRESSIVE;
				CLANG_CXX_LANGUAGE_STANDARD = "gnu++14";
				CLANG_CXX_LIBRARY = "libc++";
				CLANG_ENABLE_MODULES = YES;
				CLANG_ENABLE_OBJC_ARC = YES;
				CLANG_ENABLE_OBJC_WEAK = YES;
				CLANG_WARN_BLOCK_CAPTURE_AUTORELEASING = YES;
				CLANG_WARN_BOOL_CONVERSION = YES;
				CLANG_WARN_COMMA = YES;
				CLANG_WARN_CONSTANT_CONVERSION = YES;
				CLANG_WARN_DEPRECATED_OBJC_IMPLEMENTATIONS = YES;
				CLANG_WARN_DIRECT_OBJC_ISA_USAGE = YES_ERROR;
				CLANG_WARN_DOCUMENTATION_COMMENTS = YES;
				CLANG_WARN_EMPTY_BODY = YES;
				CLANG_WARN_ENUM_CONVERSION = YES;
				CLANG_WARN_INFINITE_RECURSION = YES;
				CLANG_WARN_INT_CONVERSION = YES;
				CLANG_WARN_NON_LITERAL_NULL_CONVERSION = YES;
				CLANG_WARN_OBJC_IMPLICIT_RETAIN_SELF = YES;
				CLANG_WARN_OBJC_LITERAL_CONVERSION = YES;
				CLANG_WARN_OBJC_ROOT_CLASS = YES_ERROR;
				CLANG_WARN_RANGE_LOOP_ANALYSIS = YES;
				CLANG_WARN_STRICT_PROTOTYPES = YES;
				CLANG_WARN_SUSPICIOUS_MOVE = YES;
				CLANG_WARN_UNGUARDED_AVAILABILITY = YES_AGGRESSIVE;
				CLANG_WARN_UNREACHABLE_CODE = YES;
				CLANG_WARN__DUPLICATE_METHOD_MATCH = YES;
				COPY_PHASE_STRIP = NO;
				DEBUG_INFORMATION_FORMAT = dwarf;
				ENABLE_STRICT_OBJC_MSGSEND = YES;
				ENABLE_TESTABILITY = YES;
				GCC_C_LANGUAGE_STANDARD = gnu11;
				GCC_DYNAMIC_NO_PIC = NO;
				GCC_NO_COMMON_BLOCKS = YES;
				GCC_OPTIMIZATION_LEVEL = 0;
				GCC_PREPROCESSOR_DEFINITIONS = (
					"DEBUG=1",
					"$(inherited)",
				);
				GCC_WARN_64_TO_32_BIT_CONVERSION = YES;
				GCC_WARN_ABOUT_RETURN_TYPE = YES_ERROR;
				GCC_WARN_UNDECLARED_SELECTOR = YES;
				GCC_WARN_UNINITIALIZED_AUTOS = YES_AGGRESSIVE;
				GCC_WARN_UNUSED_FUNCTION = YES;
				GCC_WARN_UNUSED_VARIABLE = YES;
				MACOSX_DEPLOYMENT_TARGET = 10.15;
				MTL_ENABLE_DEBUG_INFO = INCLUDE_SOURCE;
				MTL_FAST_MATH = YES;
				ONLY_ACTIVE_ARCH = YES;
				SDKROOT = macosx;
				SWIFT_ACTIVE_COMPILATION_CONDITIONS = DEBUG;
				SWIFT_OPTIMIZATION_LEVEL = "-Onone";
			};
			name = Debug;
		};
		70B57DE3245C2728005DA838 /* Release */ = {
			isa = XCBuildConfiguration;
			buildSettings = {
				ALWAYS_SEARCH_USER_PATHS = NO;
				CLANG_ANALYZER_NONNULL = YES;
				CLANG_ANALYZER_NUMBER_OBJECT_CONVERSION = YES_AGGRESSIVE;
				CLANG_CXX_LANGUAGE_STANDARD = "gnu++14";
				CLANG_CXX_LIBRARY = "libc++";
				CLANG_ENABLE_MODULES = YES;
				CLANG_ENABLE_OBJC_ARC = YES;
				CLANG_ENABLE_OBJC_WEAK = YES;
				CLANG_WARN_BLOCK_CAPTURE_AUTORELEASING = YES;
				CLANG_WARN_BOOL_CONVERSION = YES;
				CLANG_WARN_COMMA = YES;
				CLANG_WARN_CONSTANT_CONVERSION = YES;
				CLANG_WARN_DEPRECATED_OBJC_IMPLEMENTATIONS = YES;
				CLANG_WARN_DIRECT_OBJC_ISA_USAGE = YES_ERROR;
				CLANG_WARN_DOCUMENTATION_COMMENTS = YES;
				CLANG_WARN_EMPTY_BODY = YES;
				CLANG_WARN_ENUM_CONVERSION = YES;
				CLANG_WARN_INFINITE_RECURSION = YES;
				CLANG_WARN_INT_CONVERSION = YES;
				CLANG_WARN_NON_LITERAL_NULL_CONVERSION = YES;
				CLANG_WARN_OBJC_IMPLICIT_RETAIN_SELF = YES;
				CLANG_WARN_OBJC_LITERAL_CONVERSION = YES;
				CLANG_WARN_OBJC_ROOT_CLASS = YES_ERROR;
				CLANG_WARN_RANGE_LOOP_ANALYSIS = YES;
				CLANG_WARN_STRICT_PROTOTYPES = YES;
				CLANG_WARN_SUSPICIOUS_MOVE = YES;
				CLANG_WARN_UNGUARDED_AVAILABILITY = YES_AGGRESSIVE;
				CLANG_WARN_UNREACHABLE_CODE = YES;
				CLANG_WARN__DUPLICATE_METHOD_MATCH = YES;
				COPY_PHASE_STRIP = NO;
				DEBUG_INFORMATION_FORMAT = "dwarf-with-dsym";
				ENABLE_NS_ASSERTIONS = NO;
				ENABLE_STRICT_OBJC_MSGSEND = YES;
				GCC_C_LANGUAGE_STANDARD = gnu11;
				GCC_NO_COMMON_BLOCKS = YES;
				GCC_WARN_64_TO_32_BIT_CONVERSION = YES;
				GCC_WARN_ABOUT_RETURN_TYPE = YES_ERROR;
				GCC_WARN_UNDECLARED_SELECTOR = YES;
				GCC_WARN_UNINITIALIZED_AUTOS = YES_AGGRESSIVE;
				GCC_WARN_UNUSED_FUNCTION = YES;
				GCC_WARN_UNUSED_VARIABLE = YES;
				MACOSX_DEPLOYMENT_TARGET = 10.15;
				MTL_ENABLE_DEBUG_INFO = NO;
				MTL_FAST_MATH = YES;
				SDKROOT = macosx;
				SWIFT_COMPILATION_MODE = wholemodule;
				SWIFT_OPTIMIZATION_LEVEL = "-O";
			};
			name = Release;
		};
		70B57DE5245C2728005DA838 /* Debug */ = {
			isa = XCBuildConfiguration;
			buildSettings = {
				ASSETCATALOG_COMPILER_APPICON_NAME = AppIcon;
				CODE_SIGN_ENTITLEMENTS = BasicBox/BasicBox.entitlements;
				CODE_SIGN_STYLE = Automatic;
				COMBINE_HIDPI_IMAGES = YES;
				DEVELOPMENT_ASSET_PATHS = "\"BasicBox/Preview Content\"";
				DEVELOPMENT_TEAM = DB887LPNL4;
				ENABLE_HARDENED_RUNTIME = YES;
				ENABLE_PREVIEWS = YES;
				INFOPLIST_FILE = BasicBox/Info.plist;
				LD_RUNPATH_SEARCH_PATHS = (
					"$(inherited)",
					"@executable_path/../Frameworks",
				);
				MACOSX_DEPLOYMENT_TARGET = 10.15;
				PRODUCT_BUNDLE_IDENTIFIER = au.com.itroja.BasicBox;
				PRODUCT_NAME = "$(TARGET_NAME)";
				SWIFT_VERSION = 5.0;
			};
			name = Debug;
		};
		70B57DE6245C2728005DA838 /* Release */ = {
			isa = XCBuildConfiguration;
			buildSettings = {
				ASSETCATALOG_COMPILER_APPICON_NAME = AppIcon;
				CODE_SIGN_ENTITLEMENTS = BasicBox/BasicBox.entitlements;
				CODE_SIGN_STYLE = Automatic;
				COMBINE_HIDPI_IMAGES = YES;
				DEVELOPMENT_ASSET_PATHS = "\"BasicBox/Preview Content\"";
				DEVELOPMENT_TEAM = DB887LPNL4;
				ENABLE_HARDENED_RUNTIME = YES;
				ENABLE_PREVIEWS = YES;
				INFOPLIST_FILE = BasicBox/Info.plist;
				LD_RUNPATH_SEARCH_PATHS = (
					"$(inherited)",
					"@executable_path/../Frameworks",
				);
				MACOSX_DEPLOYMENT_TARGET = 10.15;
				PRODUCT_BUNDLE_IDENTIFIER = au.com.itroja.BasicBox;
				PRODUCT_NAME = "$(TARGET_NAME)";
				SWIFT_VERSION = 5.0;
			};
			name = Release;
		};
		70B57DE8245C2728005DA838 /* Debug */ = {
			isa = XCBuildConfiguration;
			buildSettings = {
				ALWAYS_EMBED_SWIFT_STANDARD_LIBRARIES = YES;
				BUNDLE_LOADER = "$(TEST_HOST)";
				CODE_SIGN_STYLE = Automatic;
				COMBINE_HIDPI_IMAGES = YES;
				DEVELOPMENT_TEAM = DB887LPNL4;
				INFOPLIST_FILE = BasicBoxTests/Info.plist;
				LD_RUNPATH_SEARCH_PATHS = (
					"$(inherited)",
					"@executable_path/../Frameworks",
					"@loader_path/../Frameworks",
				);
				MACOSX_DEPLOYMENT_TARGET = 10.15;
				PRODUCT_BUNDLE_IDENTIFIER = au.com.itroja.BasicBoxTests;
				PRODUCT_NAME = "$(TARGET_NAME)";
				SWIFT_VERSION = 5.0;
				TEST_HOST = "$(BUILT_PRODUCTS_DIR)/BasicBox.app/Contents/MacOS/BasicBox";
			};
			name = Debug;
		};
		70B57DE9245C2728005DA838 /* Release */ = {
			isa = XCBuildConfiguration;
			buildSettings = {
				ALWAYS_EMBED_SWIFT_STANDARD_LIBRARIES = YES;
				BUNDLE_LOADER = "$(TEST_HOST)";
				CODE_SIGN_STYLE = Automatic;
				COMBINE_HIDPI_IMAGES = YES;
				DEVELOPMENT_TEAM = DB887LPNL4;
				INFOPLIST_FILE = BasicBoxTests/Info.plist;
				LD_RUNPATH_SEARCH_PATHS = (
					"$(inherited)",
					"@executable_path/../Frameworks",
					"@loader_path/../Frameworks",
				);
				MACOSX_DEPLOYMENT_TARGET = 10.15;
				PRODUCT_BUNDLE_IDENTIFIER = au.com.itroja.BasicBoxTests;
				PRODUCT_NAME = "$(TARGET_NAME)";
				SWIFT_VERSION = 5.0;
				TEST_HOST = "$(BUILT_PRODUCTS_DIR)/BasicBox.app/Contents/MacOS/BasicBox";
			};
			name = Release;
		};
/* End XCBuildConfiguration section */

/* Begin XCConfigurationList section */
		70B57DC1245C2726005DA838 /* Build configuration list for PBXProject "BasicBox" */ = {
			isa = XCConfigurationList;
			buildConfigurations = (
				70B57DE2245C2728005DA838 /* Debug */,
				70B57DE3245C2728005DA838 /* Release */,
			);
			defaultConfigurationIsVisible = 0;
			defaultConfigurationName = Release;
		};
		70B57DE4245C2728005DA838 /* Build configuration list for PBXNativeTarget "BasicBox" */ = {
			isa = XCConfigurationList;
			buildConfigurations = (
				70B57DE5245C2728005DA838 /* Debug */,
				70B57DE6245C2728005DA838 /* Release */,
			);
			defaultConfigurationIsVisible = 0;
			defaultConfigurationName = Release;
		};
		70B57DE7245C2728005DA838 /* Build configuration list for PBXNativeTarget "BasicBoxTests" */ = {
			isa = XCConfigurationList;
			buildConfigurations = (
				70B57DE8245C2728005DA838 /* Debug */,
				70B57DE9245C2728005DA838 /* Release */,
			);
			defaultConfigurationIsVisible = 0;
			defaultConfigurationName = Release;
		};
/* End XCConfigurationList section */

/* Begin XCRemoteSwiftPackageReference section */
		70E806972465A50E003E80DD /* XCRemoteSwiftPackageReference "KeychainAccess" */ = {
			isa = XCRemoteSwiftPackageReference;
			repositoryURL = "https://github.com/kishikawakatsumi/KeychainAccess";
			requirement = {
				kind = upToNextMajorVersion;
				minimumVersion = 4.2.0;
			};
		};
/* End XCRemoteSwiftPackageReference section */

/* Begin XCSwiftPackageProductDependency section */
		70E806982465A50E003E80DD /* KeychainAccess */ = {
			isa = XCSwiftPackageProductDependency;
			package = 70E806972465A50E003E80DD /* XCRemoteSwiftPackageReference "KeychainAccess" */;
			productName = KeychainAccess;
		};
/* End XCSwiftPackageProductDependency section */
	};
	rootObject = 70B57DBE245C2726005DA838 /* Project object */;
}
